[{<<"goldrush">>,
  {git,"git://github.com/DeadZen/goldrush.git",
       {ref,"212299233c7e7eb63a97be2777e1c05ebaa58dbe"}},
  1},
 {<<"lager">>,
  {git,"git://github.com/basho/lager",
       {ref,"1c42c3bffbab49b0f06c9a916b00ca4911ae6a2f"}},
  0},
 {<<"meck">>,
  {git,"git://github.com/eproxus/meck",
       {ref,"dde759050eff19a1a80fd854d7375174b191665d"}},
  0},
 {<<"mochiweb">>,
  {git,"git://github.com/mochi/mochiweb.git",
       {ref,"de7012215b4ae3a919b80d5f2167a6950d896334"}},
  0},
 {<<"webmachine">>,
  {git,"git://github.com/webmachine/webmachine.git",
       {ref,"fa7c802285d37c556e184b9ac5a985cf2f2aab58"}},
  0}].
